
Microsoft Visual Studio Solution File, Format Version 11.00
# Visual Studio 2010
Project("{FAE04EC0-301F-11D3-BF4B-00C04F79EFBC}") = "PlayerPersistencePlugin", "PlayerPersistencePlugin\PlayerPersistencePlugin.csproj", "{D340D583-0523-40B9-A58F-32C4166932EE}"
EndProject
Global
	GlobalSection(SolutionConfigurationPlatforms) = preSolution
		Debug|Any CPU = Debug|Any CPU
		Release|Any CPU = Release|Any CPU
	EndGlobalSection
	GlobalSection(ProjectConfigurationPlatforms) = postSolution
		{D340D583-0523-40B9-A58F-32C4166932EE}.Debug|Any CPU.ActiveCfg = Debug|Any CPU
		{D340D583-0523-40B9-A58F-32C4166932EE}.Debug|Any CPU.Build.0 = Debug|Any CPU
		{D340D583-0523-40B9-A58F-32C4166932EE}.Release|Any CPU.ActiveCfg = Release|Any CPU
		{D340D583-0523-40B9-A58F-32C4166932EE}.Release|Any CPU.Build.0 = Release|Any CPU
	EndGlobalSection
	GlobalSection(SolutionProperties) = preSolution
		HideSolutionNode = FALSE
	EndGlobalSection
EndGlobal
